
Microsoft Visual Studio Solution File, Format Version 12.00
# Visual Studio Version 17
VisualStudioVersion = 17.9.34728.123
MinimumVisualStudioVersion = 10.0.40219.1
Project("{FAE04EC0-301F-11D3-BF4B-00C04F79EFBC}") = "AmazonS3", "AmazonS3\AmazonS3.csproj", "{D4A2BE7A-422D-4E56-B68B-C8D89A6AAC64}"
EndProject
Global
	GlobalSection(SolutionConfigurationPlatforms) = preSolution
		Debug|Any CPU = Debug|Any CPU
		Release|Any CPU = Release|Any CPU
	EndGlobalSection
	GlobalSection(ProjectConfigurationPlatforms) = postSolution
		{D4A2BE7A-422D-4E56-B68B-C8D89A6AAC64}.Debug|Any CPU.ActiveCfg = Debug|Any CPU
		{D4A2BE7A-422D-4E56-B68B-C8D89A6AAC64}.Debug|Any CPU.Build.0 = Debug|Any CPU
		{D4A2BE7A-422D-4E56-B68B-C8D89A6AAC64}.Release|Any CPU.ActiveCfg = Release|Any CPU
		{D4A2BE7A-422D-4E56-B68B-C8D89A6AAC64}.Release|Any CPU.Build.0 = Release|Any CPU
	EndGlobalSection
	GlobalSection(SolutionProperties) = preSolution
		HideSolutionNode = FALSE
	EndGlobalSection
	GlobalSection(ExtensibilityGlobals) = postSolution
		SolutionGuid = {4372B42B-F9C1-42D1-9393-238C0119198B}
	EndGlobalSection
EndGlobal
